
Microsoft Visual Studio Solution File, Format Version 12.00
# Visual Studio Version 16
VisualStudioVersion = 16.0.30104.148
MinimumVisualStudioVersion = 10.0.40219.1
Project("{FAE04EC0-301F-11D3-BF4B-00C04F79EFBC}") = "MyInfo", "MyInfo.csproj", "{7B4494FF-201E-461B-B27C-157DC51A0BDE}"
EndProject
Global
	GlobalSection(SolutionConfigurationPlatforms) = preSolution
		Debug|Any CPU = Debug|Any CPU
		Release|Any CPU = Release|Any CPU
	EndGlobalSection
	GlobalSection(ProjectConfigurationPlatforms) = postSolution
		{7B4494FF-201E-461B-B27C-157DC51A0BDE}.Debug|Any CPU.ActiveCfg = Debug|Any CPU
		{7B4494FF-201E-461B-B27C-157DC51A0BDE}.Debug|Any CPU.Build.0 = Debug|Any CPU
		{7B4494FF-201E-461B-B27C-157DC51A0BDE}.Release|Any CPU.ActiveCfg = Release|Any CPU
		{7B4494FF-201E-461B-B27C-157DC51A0BDE}.Release|Any CPU.Build.0 = Release|Any CPU
	EndGlobalSection
	GlobalSection(SolutionProperties) = preSolution
		HideSolutionNode = FALSE
	EndGlobalSection
	GlobalSection(ExtensibilityGlobals) = postSolution
		SolutionGuid = {84647BDC-3410-4103-962C-5D18758BBDE4}
	EndGlobalSection
EndGlobal
